
Microsoft Visual Studio Solution File, Format Version 12.00
# Visual Studio Version 16
VisualStudioVersion = 16.0.31410.357
MinimumVisualStudioVersion = 10.0.40219.1
Project("{FAE04EC0-301F-11D3-BF4B-00C04F79EFBC}") = "AutoCompleteFilter.UWP", "AutoCompleteFilter\AutoCompleteFilter.UWP\AutoCompleteFilter.UWP.csproj", "{956BEEEF-89A2-4F17-BADE-12401547A8CA}"
EndProject
Project("{FAE04EC0-301F-11D3-BF4B-00C04F79EFBC}") = "AutoCompleteFilter.Android", "AutoCompleteFilter\AutoCompleteFilter.Android\AutoCompleteFilter.Android.csproj", "{4A241F34-A5F5-41DE-94F6-A663C89A49C9}"
EndProject
Project("{FAE04EC0-301F-11D3-BF4B-00C04F79EFBC}") = "AutoCompleteFilter.iOS", "AutoCompleteFilter\AutoCompleteFilter.iOS\AutoCompleteFilter.iOS.csproj", "{A25F082C-0143-4CED-A2A5-AA1849B2066E}"
EndProject
Project("{FAE04EC0-301F-11D3-BF4B-00C04F79EFBC}") = "AutoCompleteFilter", "AutoCompleteFilter\AutoCompleteFilter\AutoCompleteFilter.csproj", "{2ED86917-CA57-4E98-BB6D-AAF24E6EA110}"
EndProject
Global
	GlobalSection(SolutionConfigurationPlatforms) = preSolution
		Debug|Any CPU = Debug|Any CPU
		Debug|ARM = Debug|ARM
		Debug|iPhone = Debug|iPhone
		Debug|iPhoneSimulator = Debug|iPhoneSimulator
		Debug|x64 = Debug|x64
		Debug|x86 = Debug|x86
		Release|Any CPU = Release|Any CPU
		Release|ARM = Release|ARM
		Release|iPhone = Release|iPhone
		Release|iPhoneSimulator = Release|iPhoneSimulator
		Release|x64 = Release|x64
		Release|x86 = Release|x86
	EndGlobalSection
	GlobalSection(ProjectConfigurationPlatforms) = postSolution
		{956BEEEF-89A2-4F17-BADE-12401547A8CA}.Debug|Any CPU.ActiveCfg = Debug|x86
		{956BEEEF-89A2-4F17-BADE-12401547A8CA}.Debug|Any CPU.Build.0 = Debug|x86
		{956BEEEF-89A2-4F17-BADE-12401547A8CA}.Debug|Any CPU.Deploy.0 = Debug|x86
		{956BEEEF-89A2-4F17-BADE-12401547A8CA}.Debug|ARM.ActiveCfg = Debug|ARM
		{956BEEEF-89A2-4F17-BADE-12401547A8CA}.Debug|ARM.Build.0 = Debug|ARM
		{956BEEEF-89A2-4F17-BADE-12401547A8CA}.Debug|ARM.Deploy.0 = Debug|ARM
		{956BEEEF-89A2-4F17-BADE-12401547A8CA}.Debug|iPhone.ActiveCfg = Debug|x86
		{956BEEEF-89A2-4F17-BADE-12401547A8CA}.Debug|iPhone.Build.0 = Debug|x86
		{956BEEEF-89A2-4F17-BADE-12401547A8CA}.Debug|iPhone.Deploy.0 = Debug|x86
		{956BEEEF-89A2-4F17-BADE-12401547A8CA}.Debug|iPhoneSimulator.ActiveCfg = Debug|x86
		{956BEEEF-89A2-4F17-BADE-12401547A8CA}.Debug|iPhoneSimulator.Build.0 = Debug|x86
		{956BEEEF-89A2-4F17-BADE-12401547A8CA}.Debug|iPhoneSimulator.Deploy.0 = Debug|x86
		{956BEEEF-89A2-4F17-BADE-12401547A8CA}.Debug|x64.ActiveCfg = Debug|x64
		{956BEEEF-89A2-4F17-BADE-12401547A8CA}.Debug|x64.Build.0 = Debug|x64
		{956BEEEF-89A2-4F17-BADE-12401547A8CA}.Debug|x64.Deploy.0 = Debug|x64
		{956BEEEF-89A2-4F17-BADE-12401547A8CA}.Debug|x86.ActiveCfg = Debug|x86
		{956BEEEF-89A2-4F17-BADE-12401547A8CA}.Debug|x86.Build.0 = Debug|x86
		{956BEEEF-89A2-4F17-BADE-12401547A8CA}.Debug|x86.Deploy.0 = Debug|x86
		{956BEEEF-89A2-4F17-BADE-12401547A8CA}.Release|Any CPU.ActiveCfg = Release|x86
		{956BEEEF-89A2-4F17-BADE-12401547A8CA}.Release|Any CPU.Build.0 = Release|x86
		{956BEEEF-89A2-4F17-BADE-12401547A8CA}.Release|Any CPU.Deploy.0 = Release|x86
		{956BEEEF-89A2-4F17-BADE-12401547A8CA}.Release|ARM.ActiveCfg = Release|ARM
		{956BEEEF-89A2-4F17-BADE-12401547A8CA}.Release|ARM.Build.0 = Release|ARM
		{956BEEEF-89A2-4F17-BADE-12401547A8CA}.Release|ARM.Deploy.0 = Release|ARM
		{956BEEEF-89A2-4F17-BADE-12401547A8CA}.Release|iPhone.ActiveCfg = Release|x86
		{956BEEEF-89A2-4F17-BADE-12401547A8CA}.Release|iPhone.Build.0 = Release|x86
		{956BEEEF-89A2-4F17-BADE-12401547A8CA}.Release|iPhone.Deploy.0 = Release|x86
		{956BEEEF-89A2-4F17-BADE-12401547A8CA}.Release|iPhoneSimulator.ActiveCfg = Release|x86
		{956BEEEF-89A2-4F17-BADE-12401547A8CA}.Release|iPhoneSimulator.Build.0 = Release|x86
		{956BEEEF-89A2-4F17-BADE-12401547A8CA}.Release|iPhoneSimulator.Deploy.0 = Release|x86
		{956BEEEF-89A2-4F17-BADE-12401547A8CA}.Release|x64.ActiveCfg = Release|x64
		{956BEEEF-89A2-4F17-BADE-12401547A8CA}.Release|x64.Build.0 = Release|x64
		{956BEEEF-89A2-4F17-BADE-12401547A8CA}.Release|x64.Deploy.0 = Release|x64
		{956BEEEF-89A2-4F17-BADE-12401547A8CA}.Release|x86.ActiveCfg = Release|x86
		{956BEEEF-89A2-4F17-BADE-12401547A8CA}.Release|x86.Build.0 = Release|x86
		{956BEEEF-89A2-4F17-BADE-12401547A8CA}.Release|x86.Deploy.0 = Release|x86
		{4A241F34-A5F5-41DE-94F6-A663C89A49C9}.Debug|Any CPU.ActiveCfg = Debug|Any CPU
		{4A241F34-A5F5-41DE-94F6-A663C89A49C9}.Debug|Any CPU.Build.0 = Debug|Any CPU
		{4A241F34-A5F5-41DE-94F6-A663C89A49C9}.Debug|Any CPU.Deploy.0 = Debug|Any CPU
		{4A241F34-A5F5-41DE-94F6-A663C89A49C9}.Debug|ARM.ActiveCfg = Debug|Any CPU
		{4A241F34-A5F5-41DE-94F6-A663C89A49C9}.Debug|ARM.Build.0 = Debug|Any CPU
		{4A241F34-A5F5-41DE-94F6-A663C89A49C9}.Debug|ARM.Deploy.0 = Debug|Any CPU
		{4A241F34-A5F5-41DE-94F6-A663C89A49C9}.Debug|iPhone.ActiveCfg = Debug|Any CPU
		{4A241F34-A5F5-41DE-94F6-A663C89A49C9}.Debug|iPhone.Build.0 = Debug|Any CPU
		{4A241F34-A5F5-41DE-94F6-A663C89A49C9}.Debug|iPhone.Deploy.0 = Debug|Any CPU
		{4A241F34-A5F5-41DE-94F6-A663C89A49C9}.Debug|iPhoneSimulator.ActiveCfg = Debug|Any CPU
		{4A241F34-A5F5-41DE-94F6-A663C89A49C9}.Debug|iPhoneSimulator.Build.0 = Debug|Any CPU
		{4A241F34-A5F5-41DE-94F6-A663C89A49C9}.Debug|iPhoneSimulator.Deploy.0 = Debug|Any CPU
		{4A241F34-A5F5-41DE-94F6-A663C89A49C9}.Debug|x64.ActiveCfg = Debug|Any CPU
		{4A241F34-A5F5-41DE-94F6-A663C89A49C9}.Debug|x64.Build.0 = Debug|Any CPU
		{4A241F34-A5F5-41DE-94F6-A663C89A49C9}.Debug|x64.Deploy.0 = Debug|Any CPU
		{4A241F34-A5F5-41DE-94F6-A663C89A49C9}.Debug|x86.ActiveCfg = Debug|Any CPU
		{4A241F34-A5F5-41DE-94F6-A663C89A49C9}.Debug|x86.Build.0 = Debug|Any CPU
		{4A241F34-A5F5-41DE-94F6-A663C89A49C9}.Debug|x86.Deploy.0 = Debug|Any CPU
		{4A241F34-A5F5-41DE-94F6-A663C89A49C9}.Release|Any CPU.ActiveCfg = Release|Any CPU
		{4A241F34-A5F5-41DE-94F6-A663C89A49C9}.Release|Any CPU.Build.0 = Release|Any CPU
		{4A241F34-A5F5-41DE-94F6-A663C89A49C9}.Release|Any CPU.Deploy.0 = Release|Any CPU
		{4A241F34-A5F5-41DE-94F6-A663C89A49C9}.Release|ARM.ActiveCfg = Release|Any CPU
		{4A241F34-A5F5-41DE-94F6-A663C89A49C9}.Release|ARM.Build.0 = Release|Any CPU
		{4A241F34-A5F5-41DE-94F6-A663C89A49C9}.Release|ARM.Deploy.0 = Release|Any CPU
		{4A241F34-A5F5-41DE-94F6-A663C89A49C9}.Release|iPhone.ActiveCfg = Release|Any CPU
		{4A241F34-A5F5-41DE-94F6-A663C89A49C9}.Release|iPhone.Build.0 = Release|Any CPU
		{4A241F34-A5F5-41DE-94F6-A663C89A49C9}.Release|iPhone.Deploy.0 = Release|Any CPU
		{4A241F34-A5F5-41DE-94F6-A663C89A49C9}.Release|iPhoneSimulator.ActiveCfg = Release|Any CPU
		{4A241F34-A5F5-41DE-94F6-A663C89A49C9}.Release|iPhoneSimulator.Build.0 = Release|Any CPU
		{4A241F34-A5F5-41DE-94F6-A663C89A49C9}.Release|iPhoneSimulator.Deploy.0 = Release|Any CPU
		{4A241F34-A5F5-41DE-94F6-A663C89A49C9}.Release|x64.ActiveCfg = Release|Any CPU
		{4A241F34-A5F5-41DE-94F6-A663C89A49C9}.Release|x64.Build.0 = Release|Any CPU
		{4A241F34-A5F5-41DE-94F6-A663C89A49C9}.Release|x64.Deploy.0 = Release|Any CPU
		{4A241F34-A5F5-41DE-94F6-A663C89A49C9}.Release|x86.ActiveCfg = Release|Any CPU
		{4A241F34-A5F5-41DE-94F6-A663C89A49C9}.Release|x86.Build.0 = Release|Any CPU
		{4A241F34-A5F5-41DE-94F6-A663C89A49C9}.Release|x86.Deploy.0 = Release|Any CPU
		{A25F082C-0143-4CED-A2A5-AA1849B2066E}.Debug|Any CPU.ActiveCfg = Debug|iPhoneSimulator
		{A25F082C-0143-4CED-A2A5-AA1849B2066E}.Debug|Any CPU.Build.0 = Debug|iPhoneSimulator
		{A25F082C-0143-4CED-A2A5-AA1849B2066E}.Debug|Any CPU.Deploy.0 = Debug|iPhoneSimulator
		{A25F082C-0143-4CED-A2A5-AA1849B2066E}.Debug|ARM.ActiveCfg = Debug|iPhone
		{A25F082C-0143-4CED-A2A5-AA1849B2066E}.Debug|ARM.Build.0 = Debug|iPhone
		{A25F082C-0143-4CED-A2A5-AA1849B2066E}.Debug|ARM.Deploy.0 = Debug|iPhone
		{A25F082C-0143-4CED-A2A5-AA1849B2066E}.Debug|iPhone.ActiveCfg = Debug|iPhone
		{A25F082C-0143-4CED-A2A5-AA1849B2066E}.Debug|iPhone.Build.0 = Debug|iPhone
		{A25F082C-0143-4CED-A2A5-AA1849B2066E}.Debug|iPhone.Deploy.0 = Debug|iPhone
		{A25F082C-0143-4CED-A2A5-AA1849B2066E}.Debug|iPhoneSimulator.ActiveCfg = Debug|iPhoneSimulator
		{A25F082C-0143-4CED-A2A5-AA1849B2066E}.Debug|iPhoneSimulator.Build.0 = Debug|iPhoneSimulator
		{A25F082C-0143-4CED-A2A5-AA1849B2066E}.Debug|iPhoneSimulator.Deploy.0 = Debug|iPhoneSimulator
		{A25F082C-0143-4CED-A2A5-AA1849B2066E}.Debug|x64.ActiveCfg = Debug|iPhoneSimulator
		{A25F082C-0143-4CED-A2A5-AA1849B2066E}.Debug|x64.Build.0 = Debug|iPhoneSimulator
		{A25F082C-0143-4CED-A2A5-AA1849B2066E}.Debug|x64.Deploy.0 = Debug|iPhoneSimulator
		{A25F082C-0143-4CED-A2A5-AA1849B2066E}.Debug|x86.ActiveCfg = Debug|iPhoneSimulator
		{A25F082C-0143-4CED-A2A5-AA1849B2066E}.Debug|x86.Build.0 = Debug|iPhoneSimulator
		{A25F082C-0143-4CED-A2A5-AA1849B2066E}.Debug|x86.Deploy.0 = Debug|iPhoneSimulator
		{A25F082C-0143-4CED-A2A5-AA1849B2066E}.Release|Any CPU.ActiveCfg = Release|iPhoneSimulator
		{A25F082C-0143-4CED-A2A5-AA1849B2066E}.Release|Any CPU.Build.0 = Release|iPhoneSimulator
		{A25F082C-0143-4CED-A2A5-AA1849B2066E}.Release|Any CPU.Deploy.0 = Release|iPhoneSimulator
		{A25F082C-0143-4CED-A2A5-AA1849B2066E}.Release|ARM.ActiveCfg = Release|iPhoneSimulator
		{A25F082C-0143-4CED-A2A5-AA1849B2066E}.Release|ARM.Build.0 = Release|iPhoneSimulator
		{A25F082C-0143-4CED-A2A5-AA1849B2066E}.Release|ARM.Deploy.0 = Release|iPhoneSimulator
		{A25F082C-0143-4CED-A2A5-AA1849B2066E}.Release|iPhone.ActiveCfg = Release|iPhone
		{A25F082C-0143-4CED-A2A5-AA1849B2066E}.Release|iPhone.Build.0 = Release|iPhone
		{A25F082C-0143-4CED-A2A5-AA1849B2066E}.Release|iPhone.Deploy.0 = Release|iPhone
		{A25F082C-0143-4CED-A2A5-AA1849B2066E}.Release|iPhoneSimulator.ActiveCfg = Release|iPhoneSimulator
		{A25F082C-0143-4CED-A2A5-AA1849B2066E}.Release|iPhoneSimulator.Build.0 = Release|iPhoneSimulator
		{A25F082C-0143-4CED-A2A5-AA1849B2066E}.Release|iPhoneSimulator.Deploy.0 = Release|iPhoneSimulator
		{A25F082C-0143-4CED-A2A5-AA1849B2066E}.Release|x64.ActiveCfg = Release|iPhoneSimulator
		{A25F082C-0143-4CED-A2A5-AA1849B2066E}.Release|x64.Build.0 = Release|iPhoneSimulator
		{A25F082C-0143-4CED-A2A5-AA1849B2066E}.Release|x64.Deploy.0 = Release|iPhoneSimulator
		{A25F082C-0143-4CED-A2A5-AA1849B2066E}.Release|x86.ActiveCfg = Release|iPhoneSimulator
		{A25F082C-0143-4CED-A2A5-AA1849B2066E}.Release|x86.Build.0 = Release|iPhoneSimulator
		{A25F082C-0143-4CED-A2A5-AA1849B2066E}.Release|x86.Deploy.0 = Release|iPhoneSimulator
		{2ED86917-CA57-4E98-BB6D-AAF24E6EA110}.Debug|Any CPU.ActiveCfg = Debug|Any CPU
		{2ED86917-CA57-4E98-BB6D-AAF24E6EA110}.Debug|Any CPU.Build.0 = Debug|Any CPU
		{2ED86917-CA57-4E98-BB6D-AAF24E6EA110}.Debug|Any CPU.Deploy.0 = Debug|Any CPU
		{2ED86917-CA57-4E98-BB6D-AAF24E6EA110}.Debug|ARM.ActiveCfg = Debug|Any CPU
		{2ED86917-CA57-4E98-BB6D-AAF24E6EA110}.Debug|ARM.Build.0 = Debug|Any CPU
		{2ED86917-CA57-4E98-BB6D-AAF24E6EA110}.Debug|ARM.Deploy.0 = Debug|Any CPU
		{2ED86917-CA57-4E98-BB6D-AAF24E6EA110}.Debug|iPhone.ActiveCfg = Debug|Any CPU
		{2ED86917-CA57-4E98-BB6D-AAF24E6EA110}.Debug|iPhone.Build.0 = Debug|Any CPU
		{2ED86917-CA57-4E98-BB6D-AAF24E6EA110}.Debug|iPhone.Deploy.0 = Debug|Any CPU
		{2ED86917-CA57-4E98-BB6D-AAF24E6EA110}.Debug|iPhoneSimulator.ActiveCfg = Debug|Any CPU
		{2ED86917-CA57-4E98-BB6D-AAF24E6EA110}.Debug|iPhoneSimulator.Build.0 = Debug|Any CPU
		{2ED86917-CA57-4E98-BB6D-AAF24E6EA110}.Debug|iPhoneSimulator.Deploy.0 = Debug|Any CPU
		{2ED86917-CA57-4E98-BB6D-AAF24E6EA110}.Debug|x64.ActiveCfg = Debug|Any CPU
		{2ED86917-CA57-4E98-BB6D-AAF24E6EA110}.Debug|x64.Build.0 = Debug|Any CPU
		{2ED86917-CA57-4E98-BB6D-AAF24E6EA110}.Debug|x64.Deploy.0 = Debug|Any CPU
		{2ED86917-CA57-4E98-BB6D-AAF24E6EA110}.Debug|x86.ActiveCfg = Debug|Any CPU
		{2ED86917-CA57-4E98-BB6D-AAF24E6EA110}.Debug|x86.Build.0 = Debug|Any CPU
		{2ED86917-CA57-4E98-BB6D-AAF24E6EA110}.Debug|x86.Deploy.0 = Debug|Any CPU
		{2ED86917-CA57-4E98-BB6D-AAF24E6EA110}.Release|Any CPU.ActiveCfg = Release|Any CPU
		{2ED86917-CA57-4E98-BB6D-AAF24E6EA110}.Release|Any CPU.Build.0 = Release|Any CPU
		{2ED86917-CA57-4E98-BB6D-AAF24E6EA110}.Release|Any CPU.Deploy.0 = Release|Any CPU
		{2ED86917-CA57-4E98-BB6D-AAF24E6EA110}.Release|ARM.ActiveCfg = Release|Any CPU
		{2ED86917-CA57-4E98-BB6D-AAF24E6EA110}.Release|ARM.Build.0 = Release|Any CPU
		{2ED86917-CA57-4E98-BB6D-AAF24E6EA110}.Release|ARM.Deploy.0 = Release|Any CPU
		{2ED86917-CA57-4E98-BB6D-AAF24E6EA110}.Release|iPhone.ActiveCfg = Release|Any CPU
		{2ED86917-CA57-4E98-BB6D-AAF24E6EA110}.Release|iPhone.Build.0 = Release|Any CPU
		{2ED86917-CA57-4E98-BB6D-AAF24E6EA110}.Release|iPhone.Deploy.0 = Release|Any CPU
		{2ED86917-CA57-4E98-BB6D-AAF24E6EA110}.Release|iPhoneSimulator.ActiveCfg = Release|Any CPU
		{2ED86917-CA57-4E98-BB6D-AAF24E6EA110}.Release|iPhoneSimulator.Build.0 = Release|Any CPU
		{2ED86917-CA57-4E98-BB6D-AAF24E6EA110}.Release|iPhoneSimulator.Deploy.0 = Release|Any CPU
		{2ED86917-CA57-4E98-BB6D-AAF24E6EA110}.Release|x64.ActiveCfg = Release|Any CPU
		{2ED86917-CA57-4E98-BB6D-AAF24E6EA110}.Release|x64.Build.0 = Release|Any CPU
		{2ED86917-CA57-4E98-BB6D-AAF24E6EA110}.Release|x64.Deploy.0 = Release|Any CPU
		{2ED86917-CA57-4E98-BB6D-AAF24E6EA110}.Release|x86.ActiveCfg = Release|Any CPU
		{2ED86917-CA57-4E98-BB6D-AAF24E6EA110}.Release|x86.Build.0 = Release|Any CPU
		{2ED86917-CA57-4E98-BB6D-AAF24E6EA110}.Release|x86.Deploy.0 = Release|Any CPU
	EndGlobalSection
	GlobalSection(SolutionProperties) = preSolution
		HideSolutionNode = FALSE
	EndGlobalSection
	GlobalSection(ExtensibilityGlobals) = postSolution
		SolutionGuid = {F8487F77-8E16-4964-81FF-D737060FAFB0}
	EndGlobalSection
EndGlobal
